{
  "version": 4,
  "terraform_version": "1.1.7",
  "serial": 21,
  "lineage": "8ed9416c-8471-d6b1-0b91-e6ded2602eae",
  "outputs": {},
  "resources": [
    {
      "mode": "managed",
      "type": "aws_ecs_cluster",
      "name": "xact-backend-cluster",
      "provider": "provider[\"registry.terraform.io/hashicorp/aws\"]",
      "instances": [
        {
          "schema_version": 0,
          "attributes": {
            "arn": "arn:aws:ecs:ap-south-1:730911736748:cluster/xact-backend-cluster-qa",
            "capacity_providers": [],
            "configuration": [],
            "default_capacity_provider_strategy": [],
            "id": "arn:aws:ecs:ap-south-1:730911736748:cluster/xact-backend-cluster-qa",
            "name": "xact-backend-cluster-qa",
            "setting": [
              {
                "name": "containerInsights",
                "value": "enabled"
              }
            ],
            "tags": {},
            "tags_all": {}
          },
          "sensitive_attributes": [],
          "private": "bnVsbA=="
        }
      ]
    },
    {
      "mode": "managed",
      "type": "aws_ecs_service",
      "name": "xact-service",
      "provider": "provider[\"registry.terraform.io/hashicorp/aws\"]",
      "instances": [
        {
          "schema_version": 0,
          "attributes": {
            "capacity_provider_strategy": [],
            "cluster": "arn:aws:ecs:ap-south-1:730911736748:cluster/xact-backend-cluster-qa",
            "deployment_circuit_breaker": [
              {
                "enable": false,
                "rollback": false
              }
            ],
            "deployment_controller": [
              {
                "type": "ECS"
              }
            ],
            "deployment_maximum_percent": 200,
            "deployment_minimum_healthy_percent": 100,
            "desired_count": 1,
            "enable_ecs_managed_tags": false,
            "enable_execute_command": false,
            "force_new_deployment": null,
            "health_check_grace_period_seconds": 0,
            "iam_role": "aws-service-role",
            "id": "arn:aws:ecs:ap-south-1:730911736748:service/xact-backend-cluster-qa/xact-service-qa",
            "launch_type": "FARGATE",
            "load_balancer": [
              {
                "container_name": "xact-task-def-qa",
                "container_port": 8080,
                "elb_name": "",
                "target_group_arn": "arn:aws:elasticloadbalancing:ap-south-1:730911736748:targetgroup/xact-backend-tg-qa/85d253b4a829e612"
              }
            ],
            "name": "xact-service-qa",
            "network_configuration": [
              {
                "assign_public_ip": true,
                "security_groups": [
                  "sg-04db386788f52f960"
                ],
                "subnets": [
                  "subnet-0184ccf3faa75628d",
                  "subnet-02249a393eb372da6",
                  "subnet-042b76f3f4aa643c9"
                ]
              }
            ],
            "ordered_placement_strategy": [],
            "placement_constraints": [],
            "platform_version": "LATEST",
            "propagate_tags": "NONE",
            "scheduling_strategy": "REPLICA",
            "service_registries": [],
            "tags": {},
            "tags_all": {},
            "task_definition": "arn:aws:ecs:ap-south-1:730911736748:task-definition/xact-task-def-qa:3",
            "timeouts": null,
            "wait_for_steady_state": false
          },
          "sensitive_attributes": [],
          "private": "eyJlMmJmYjczMC1lY2FhLTExZTYtOGY4OC0zNDM2M2JjN2M0YzAiOnsiZGVsZXRlIjoxMjAwMDAwMDAwMDAwfX0=",
          "dependencies": [
            "aws_ecs_cluster.xact-backend-cluster",
            "aws_ecs_task_definition.xact-task-def",
            "aws_iam_role.xact-backend-role-ecs",
            "aws_lb_target_group.xact-backend-tg",
            "aws_security_group.ecs_sg"
          ]
        }
      ]
    },
    {
      "mode": "managed",
      "type": "aws_ecs_task_definition",
      "name": "xact-task-def",
      "provider": "provider[\"registry.terraform.io/hashicorp/aws\"]",
      "instances": [
        {
          "schema_version": 1,
          "attributes": {
            "arn": "arn:aws:ecs:ap-south-1:730911736748:task-definition/xact-task-def-qa:3",
            "container_definitions": "[{\"cpu\":1024,\"environment\":[{\"name\":\"MICRONAUT_ENVIRONMENTS\",\"value\":\"qa\"}],\"essential\":true,\"image\":\"730911736748.dkr.ecr.ap-south-1.amazonaws.com/xact-qa:latest\",\"logConfiguration\":{\"logDriver\":\"awslogs\",\"options\":{\"awslogs-group\":\"/fargate/service/xact-qa\",\"awslogs-region\":\"ap-south-1\",\"awslogs-stream-prefix\":\"ecs\"}},\"memory\":2048,\"mountPoints\":[],\"name\":\"xact-task-def-qa\",\"portMappings\":[{\"containerPort\":8080,\"hostPort\":8080,\"protocol\":\"tcp\"}],\"secrets\":[{\"name\":\"DB_USER\",\"valueFrom\":\"arn:aws:secretsmanager:ap-south-1:730911736748:secret:qa/dbuser-28BOGO:QA_DB_USER::\"},{\"name\":\"DB_PWD\",\"valueFrom\":\"arn:aws:secretsmanager:ap-south-1:730911736748:secret:qa/dbpwd-M1lnea:QA_DB_PWD::\"},{\"name\":\"OIDC_ISSUER\",\"valueFrom\":\"arn:aws:secretsmanager:ap-south-1:730911736748:secret:qa/oidc_issuer-vaawnB:QA_OIDC_ISSUER::\"}],\"volumesFrom\":[]}]",
            "cpu": "1024",
            "ephemeral_storage": [],
            "execution_role_arn": "arn:aws:iam::730911736748:role/xact-ecsTaskExecutionRole-qa",
            "family": "xact-task-def-qa",
            "id": "xact-task-def-qa",
            "inference_accelerator": [],
            "ipc_mode": "",
            "memory": "2048",
            "network_mode": "awsvpc",
            "pid_mode": "",
            "placement_constraints": [],
            "proxy_configuration": [],
            "requires_compatibilities": [
              "FARGATE"
            ],
            "revision": 3,
            "runtime_platform": [
              {
                "cpu_architecture": "X86_64",
                "operating_system_family": "LINUX"
              }
            ],
            "skip_destroy": false,
            "tags": null,
            "tags_all": {},
            "task_role_arn": "arn:aws:iam::730911736748:role/xact-ecsTaskExecutionRole-qa",
            "volume": []
          },
          "sensitive_attributes": [],
          "private": "eyJzY2hlbWFfdmVyc2lvbiI6IjEifQ==",
          "dependencies": [
            "aws_iam_role.xact-backend-role-ecs"
          ]
        }
      ]
    },
    {
      "mode": "managed",
      "type": "aws_iam_role",
      "name": "xact-backend-role-ecs",
      "provider": "provider[\"registry.terraform.io/hashicorp/aws\"]",
      "instances": [
        {
          "schema_version": 0,
          "attributes": {
            "arn": "arn:aws:iam::730911736748:role/xact-ecsTaskExecutionRole-qa",
            "assume_role_policy": "{\"Version\":\"2012-10-17\",\"Statement\":[{\"Sid\":\"\",\"Effect\":\"Allow\",\"Principal\":{\"Service\":[\"kms.amazonaws.com\",\"ecs-tasks.amazonaws.com\",\"ssm.amazonaws.com\"]},\"Action\":\"sts:AssumeRole\"}]}",
            "create_date": "2022-06-07T08:14:32Z",
            "description": "",
            "force_detach_policies": false,
            "id": "xact-ecsTaskExecutionRole-qa",
            "inline_policy": [
              {
                "name": "",
                "policy": ""
              }
            ],
            "managed_policy_arns": [
              "arn:aws:iam::730911736748:policy/ecsSecretManagerPolicy"
            ],
            "max_session_duration": 3600,
            "name": "xact-ecsTaskExecutionRole-qa",
            "name_prefix": "",
            "path": "/",
            "permissions_boundary": null,
            "tags": {},
            "tags_all": {},
            "unique_id": "AROA2ULN4AOWJC3NPA2NW"
          },
          "sensitive_attributes": [],
          "private": "bnVsbA=="
        }
      ]
    },
    {
      "mode": "managed",
      "type": "aws_iam_role_policy_attachment",
      "name": "xact-service-ecr-role",
      "provider": "provider[\"registry.terraform.io/hashicorp/aws\"]",
      "instances": [
        {
          "schema_version": 0,
          "attributes": {
            "id": "xact-ecsTaskExecutionRole-qa-20220607081434570400000001",
            "policy_arn": "arn:aws:iam::730911736748:policy/ecsSecretManagerPolicy",
            "role": "xact-ecsTaskExecutionRole-qa"
          },
          "sensitive_attributes": [],
          "private": "bnVsbA==",
          "dependencies": [
            "aws_iam_role.xact-backend-role-ecs"
          ]
        }
      ]
    },
    {
      "mode": "managed",
      "type": "aws_lb",
      "name": "xact-backend-alb",
      "provider": "provider[\"registry.terraform.io/hashicorp/aws\"]",
      "instances": [
        {
          "schema_version": 0,
          "attributes": {
            "access_logs": [
              {
                "bucket": "",
                "enabled": false,
                "prefix": ""
              }
            ],
            "arn": "arn:aws:elasticloadbalancing:ap-south-1:730911736748:loadbalancer/app/xact-backend-alb-qa/6203520bb55700a2",
            "arn_suffix": "app/xact-backend-alb-qa/6203520bb55700a2",
            "customer_owned_ipv4_pool": "",
            "desync_mitigation_mode": "defensive",
            "dns_name": "xact-backend-alb-qa-352456486.ap-south-1.elb.amazonaws.com",
            "drop_invalid_header_fields": false,
            "enable_cross_zone_load_balancing": null,
            "enable_deletion_protection": true,
            "enable_http2": true,
            "enable_waf_fail_open": false,
            "id": "arn:aws:elasticloadbalancing:ap-south-1:730911736748:loadbalancer/app/xact-backend-alb-qa/6203520bb55700a2",
            "idle_timeout": 60,
            "internal": false,
            "ip_address_type": "ipv4",
            "load_balancer_type": "application",
            "name": "xact-backend-alb-qa",
            "name_prefix": null,
            "security_groups": [
              "sg-02664f84d92f1bdf5"
            ],
            "subnet_mapping": [
              {
                "allocation_id": "",
                "ipv6_address": "",
                "outpost_id": "",
                "private_ipv4_address": "",
                "subnet_id": "subnet-0184ccf3faa75628d"
              },
              {
                "allocation_id": "",
                "ipv6_address": "",
                "outpost_id": "",
                "private_ipv4_address": "",
                "subnet_id": "subnet-02249a393eb372da6"
              },
              {
                "allocation_id": "",
                "ipv6_address": "",
                "outpost_id": "",
                "private_ipv4_address": "",
                "subnet_id": "subnet-042b76f3f4aa643c9"
              }
            ],
            "subnets": [
              "subnet-0184ccf3faa75628d",
              "subnet-02249a393eb372da6",
              "subnet-042b76f3f4aa643c9"
            ],
            "tags": {
              "Environment": "qa"
            },
            "tags_all": {
              "Environment": "qa"
            },
            "timeouts": null,
            "vpc_id": "vpc-09fe503df0ac56522",
            "zone_id": "ZP97RAFLXTNZK"
          },
          "sensitive_attributes": [],
          "private": "eyJlMmJmYjczMC1lY2FhLTExZTYtOGY4OC0zNDM2M2JjN2M0YzAiOnsiY3JlYXRlIjo2MDAwMDAwMDAwMDAsImRlbGV0ZSI6NjAwMDAwMDAwMDAwLCJ1cGRhdGUiOjYwMDAwMDAwMDAwMH19",
          "dependencies": [
            "aws_security_group.alb-sg-qa"
          ]
        }
      ]
    },
    {
      "mode": "managed",
      "type": "aws_lb_listener",
      "name": "front_end",
      "provider": "provider[\"registry.terraform.io/hashicorp/aws\"]",
      "instances": [
        {
          "schema_version": 0,
          "attributes": {
            "alpn_policy": null,
            "arn": "arn:aws:elasticloadbalancing:ap-south-1:730911736748:listener/app/xact-backend-alb-qa/6203520bb55700a2/04c238e2edf5dc10",
            "certificate_arn": "arn:aws:acm:ap-south-1:730911736748:certificate/4b530396-acfa-40b2-8e05-f5def63db12d",
            "default_action": [
              {
                "authenticate_cognito": [],
                "authenticate_oidc": [],
                "fixed_response": [],
                "forward": [],
                "order": 1,
                "redirect": [],
                "target_group_arn": "arn:aws:elasticloadbalancing:ap-south-1:730911736748:targetgroup/xact-backend-tg-qa/85d253b4a829e612",
                "type": "forward"
              }
            ],
            "id": "arn:aws:elasticloadbalancing:ap-south-1:730911736748:listener/app/xact-backend-alb-qa/6203520bb55700a2/04c238e2edf5dc10",
            "load_balancer_arn": "arn:aws:elasticloadbalancing:ap-south-1:730911736748:loadbalancer/app/xact-backend-alb-qa/6203520bb55700a2",
            "port": 443,
            "protocol": "HTTPS",
            "ssl_policy": "ELBSecurityPolicy-2016-08",
            "tags": {},
            "tags_all": {},
            "timeouts": null
          },
          "sensitive_attributes": [],
          "private": "eyJlMmJmYjczMC1lY2FhLTExZTYtOGY4OC0zNDM2M2JjN2M0YzAiOnsicmVhZCI6NjAwMDAwMDAwMDAwfX0=",
          "dependencies": [
            "aws_lb.xact-backend-alb",
            "aws_lb_target_group.xact-backend-tg",
            "aws_security_group.alb-sg-qa"
          ]
        }
      ]
    },
    {
      "mode": "managed",
      "type": "aws_lb_target_group",
      "name": "xact-backend-tg",
      "provider": "provider[\"registry.terraform.io/hashicorp/aws\"]",
      "instances": [
        {
          "schema_version": 0,
          "attributes": {
            "arn": "arn:aws:elasticloadbalancing:ap-south-1:730911736748:targetgroup/xact-backend-tg-qa/85d253b4a829e612",
            "arn_suffix": "targetgroup/xact-backend-tg-qa/85d253b4a829e612",
            "connection_termination": false,
            "deregistration_delay": "300",
            "health_check": [
              {
                "enabled": true,
                "healthy_threshold": 3,
                "interval": 30,
                "matcher": "200",
                "path": "/health",
                "port": "8080",
                "protocol": "HTTP",
                "timeout": 5,
                "unhealthy_threshold": 3
              }
            ],
            "id": "arn:aws:elasticloadbalancing:ap-south-1:730911736748:targetgroup/xact-backend-tg-qa/85d253b4a829e612",
            "lambda_multi_value_headers_enabled": false,
            "load_balancing_algorithm_type": "round_robin",
            "name": "xact-backend-tg-qa",
            "name_prefix": null,
            "port": 80,
            "preserve_client_ip": null,
            "protocol": "HTTP",
            "protocol_version": "HTTP1",
            "proxy_protocol_v2": false,
            "slow_start": 0,
            "stickiness": [
              {
                "cookie_duration": 86400,
                "cookie_name": "",
                "enabled": false,
                "type": "lb_cookie"
              }
            ],
            "tags": {},
            "tags_all": {},
            "target_type": "ip",
            "vpc_id": "vpc-09fe503df0ac56522"
          },
          "sensitive_attributes": [],
          "private": "bnVsbA=="
        }
      ]
    },
    {
      "mode": "managed",
      "type": "aws_security_group",
      "name": "alb-sg-qa",
      "provider": "provider[\"registry.terraform.io/hashicorp/aws\"]",
      "instances": [
        {
          "schema_version": 1,
          "attributes": {
            "arn": "arn:aws:ec2:ap-south-1:730911736748:security-group/sg-02664f84d92f1bdf5",
            "description": "Allow ALB Traffic",
            "egress": [
              {
                "cidr_blocks": [
                  "0.0.0.0/0"
                ],
                "description": "",
                "from_port": 0,
                "ipv6_cidr_blocks": [
                  "::/0"
                ],
                "prefix_list_ids": [],
                "protocol": "-1",
                "security_groups": [],
                "self": false,
                "to_port": 0
              }
            ],
            "id": "sg-02664f84d92f1bdf5",
            "ingress": [
              {
                "cidr_blocks": [
                  "0.0.0.0/0"
                ],
                "description": "Allow from Personal CIDR block",
                "from_port": 443,
                "ipv6_cidr_blocks": [],
                "prefix_list_ids": [],
                "protocol": "tcp",
                "security_groups": [],
                "self": false,
                "to_port": 443
              }
            ],
            "name": "alb_sg-qa",
            "name_prefix": "",
            "owner_id": "730911736748",
            "revoke_rules_on_delete": false,
            "tags": {
              "Name": "ALB  SG QA"
            },
            "tags_all": {
              "Name": "ALB  SG QA"
            },
            "timeouts": null,
            "vpc_id": "vpc-09fe503df0ac56522"
          },
          "sensitive_attributes": [],
          "private": "eyJlMmJmYjczMC1lY2FhLTExZTYtOGY4OC0zNDM2M2JjN2M0YzAiOnsiY3JlYXRlIjo2MDAwMDAwMDAwMDAsImRlbGV0ZSI6OTAwMDAwMDAwMDAwfSwic2NoZW1hX3ZlcnNpb24iOiIxIn0="
        }
      ]
    },
    {
      "mode": "managed",
      "type": "aws_security_group",
      "name": "ecs_sg",
      "provider": "provider[\"registry.terraform.io/hashicorp/aws\"]",
      "instances": [
        {
          "schema_version": 1,
          "attributes": {
            "arn": "arn:aws:ec2:ap-south-1:730911736748:security-group/sg-04db386788f52f960",
            "description": "Allow ECS Traffic",
            "egress": [
              {
                "cidr_blocks": [
                  "0.0.0.0/0"
                ],
                "description": "",
                "from_port": 0,
                "ipv6_cidr_blocks": [
                  "::/0"
                ],
                "prefix_list_ids": [],
                "protocol": "-1",
                "security_groups": [],
                "self": false,
                "to_port": 0
              }
            ],
            "id": "sg-04db386788f52f960",
            "ingress": [
              {
                "cidr_blocks": [],
                "description": "Allow from Personal CIDR block",
                "from_port": 8080,
                "ipv6_cidr_blocks": [],
                "prefix_list_ids": [],
                "protocol": "tcp",
                "security_groups": [
                  "sg-02664f84d92f1bdf5"
                ],
                "self": false,
                "to_port": 8080
              }
            ],
            "name": "ecs_qa_sg",
            "name_prefix": "",
            "owner_id": "730911736748",
            "revoke_rules_on_delete": false,
            "tags": {
              "Name": "ECS QA SG"
            },
            "tags_all": {
              "Name": "ECS QA SG"
            },
            "timeouts": null,
            "vpc_id": "vpc-09fe503df0ac56522"
          },
          "sensitive_attributes": [],
          "private": "eyJlMmJmYjczMC1lY2FhLTExZTYtOGY4OC0zNDM2M2JjN2M0YzAiOnsiY3JlYXRlIjo2MDAwMDAwMDAwMDAsImRlbGV0ZSI6OTAwMDAwMDAwMDAwfSwic2NoZW1hX3ZlcnNpb24iOiIxIn0=",
          "dependencies": [
            "aws_security_group.alb-sg-qa"
          ]
        }
      ]
    }
  ]
}
